
Microsoft Visual Studio Solution File, Format Version 12.00
# Visual Studio Version 16
VisualStudioVersion = 16.0.31729.503
MinimumVisualStudioVersion = 10.0.40219.1
Project("{FAE04EC0-301F-11D3-BF4B-00C04F79EFBC}") = "ComboBox", "ComboBox\ComboBox.csproj", "{03FBAFEF-F7ED-4F80-81EA-B923E34BD3DC}"
EndProject
Global
	GlobalSection(SolutionConfigurationPlatforms) = preSolution
		Debug|Any CPU = Debug|Any CPU
		Release|Any CPU = Release|Any CPU
	EndGlobalSection
	GlobalSection(ProjectConfigurationPlatforms) = postSolution
		{03FBAFEF-F7ED-4F80-81EA-B923E34BD3DC}.Debug|Any CPU.ActiveCfg = Debug|Any CPU
		{03FBAFEF-F7ED-4F80-81EA-B923E34BD3DC}.Debug|Any CPU.Build.0 = Debug|Any CPU
		{03FBAFEF-F7ED-4F80-81EA-B923E34BD3DC}.Release|Any CPU.ActiveCfg = Release|Any CPU
		{03FBAFEF-F7ED-4F80-81EA-B923E34BD3DC}.Release|Any CPU.Build.0 = Release|Any CPU
	EndGlobalSection
	GlobalSection(SolutionProperties) = preSolution
		HideSolutionNode = FALSE
	EndGlobalSection
	GlobalSection(ExtensibilityGlobals) = postSolution
		SolutionGuid = {266A6C70-4C89-454E-BFA1-F7FF53581FA0}
	EndGlobalSection
EndGlobal
