
Microsoft Visual Studio Solution File, Format Version 12.00
# Visual Studio Version 16
VisualStudioVersion = 16.0.31729.503
MinimumVisualStudioVersion = 10.0.40219.1
Project("{FAE04EC0-301F-11D3-BF4B-00C04F79EFBC}") = "DataSetTable", "DataSetTable\DataSetTable.csproj", "{78BE559D-DFB7-42B9-AE3F-AF7B426CA75B}"
EndProject
Global
	GlobalSection(SolutionConfigurationPlatforms) = preSolution
		Debug|Any CPU = Debug|Any CPU
		Release|Any CPU = Release|Any CPU
	EndGlobalSection
	GlobalSection(ProjectConfigurationPlatforms) = postSolution
		{78BE559D-DFB7-42B9-AE3F-AF7B426CA75B}.Debug|Any CPU.ActiveCfg = Debug|Any CPU
		{78BE559D-DFB7-42B9-AE3F-AF7B426CA75B}.Debug|Any CPU.Build.0 = Debug|Any CPU
		{78BE559D-DFB7-42B9-AE3F-AF7B426CA75B}.Release|Any CPU.ActiveCfg = Release|Any CPU
		{78BE559D-DFB7-42B9-AE3F-AF7B426CA75B}.Release|Any CPU.Build.0 = Release|Any CPU
	EndGlobalSection
	GlobalSection(SolutionProperties) = preSolution
		HideSolutionNode = FALSE
	EndGlobalSection
	GlobalSection(ExtensibilityGlobals) = postSolution
		SolutionGuid = {50592F4B-70DB-4AD2-B97D-AD058FAF7EE2}
	EndGlobalSection
EndGlobal
