
Microsoft Visual Studio Solution File, Format Version 12.00
# Visual Studio Version 16
VisualStudioVersion = 16.0.31729.503
MinimumVisualStudioVersion = 10.0.40219.1
Project("{FAE04EC0-301F-11D3-BF4B-00C04F79EFBC}") = "banking", "banking\banking.csproj", "{D39BB986-66E7-434D-AB68-2ADCA4154F1C}"
EndProject
Global
	GlobalSection(SolutionConfigurationPlatforms) = preSolution
		Debug|Any CPU = Debug|Any CPU
		Release|Any CPU = Release|Any CPU
	EndGlobalSection
	GlobalSection(ProjectConfigurationPlatforms) = postSolution
		{D39BB986-66E7-434D-AB68-2ADCA4154F1C}.Debug|Any CPU.ActiveCfg = Debug|Any CPU
		{D39BB986-66E7-434D-AB68-2ADCA4154F1C}.Debug|Any CPU.Build.0 = Debug|Any CPU
		{D39BB986-66E7-434D-AB68-2ADCA4154F1C}.Release|Any CPU.ActiveCfg = Release|Any CPU
		{D39BB986-66E7-434D-AB68-2ADCA4154F1C}.Release|Any CPU.Build.0 = Release|Any CPU
	EndGlobalSection
	GlobalSection(SolutionProperties) = preSolution
		HideSolutionNode = FALSE
	EndGlobalSection
	GlobalSection(ExtensibilityGlobals) = postSolution
		SolutionGuid = {CBC93286-8CF5-4532-8BA0-53A0F3DFED5E}
	EndGlobalSection
EndGlobal
