
Microsoft Visual Studio Solution File, Format Version 12.00
# Visual Studio Version 16
VisualStudioVersion = 16.0.31729.503
MinimumVisualStudioVersion = 10.0.40219.1
Project("{FAE04EC0-301F-11D3-BF4B-00C04F79EFBC}") = "WpfApp1", "WpfApp1\WpfApp1.csproj", "{155C8BBD-C769-4EAF-A84A-43C2EAA633D2}"
EndProject
Global
	GlobalSection(SolutionConfigurationPlatforms) = preSolution
		Debug|Any CPU = Debug|Any CPU
		Release|Any CPU = Release|Any CPU
	EndGlobalSection
	GlobalSection(ProjectConfigurationPlatforms) = postSolution
		{155C8BBD-C769-4EAF-A84A-43C2EAA633D2}.Debug|Any CPU.ActiveCfg = Debug|Any CPU
		{155C8BBD-C769-4EAF-A84A-43C2EAA633D2}.Debug|Any CPU.Build.0 = Debug|Any CPU
		{155C8BBD-C769-4EAF-A84A-43C2EAA633D2}.Release|Any CPU.ActiveCfg = Release|Any CPU
		{155C8BBD-C769-4EAF-A84A-43C2EAA633D2}.Release|Any CPU.Build.0 = Release|Any CPU
	EndGlobalSection
	GlobalSection(SolutionProperties) = preSolution
		HideSolutionNode = FALSE
	EndGlobalSection
	GlobalSection(ExtensibilityGlobals) = postSolution
		SolutionGuid = {B7DB7F57-B17D-4E71-83C7-58B897934EFE}
	EndGlobalSection
EndGlobal
