
Microsoft Visual Studio Solution File, Format Version 12.00
# Visual Studio Version 16
VisualStudioVersion = 16.0.31729.503
MinimumVisualStudioVersion = 10.0.40219.1
Project("{FAE04EC0-301F-11D3-BF4B-00C04F79EFBC}") = "listbox", "listbox\listbox.csproj", "{89988C52-9BCC-4677-86E0-22045042FC95}"
EndProject
Global
	GlobalSection(SolutionConfigurationPlatforms) = preSolution
		Debug|Any CPU = Debug|Any CPU
		Release|Any CPU = Release|Any CPU
	EndGlobalSection
	GlobalSection(ProjectConfigurationPlatforms) = postSolution
		{89988C52-9BCC-4677-86E0-22045042FC95}.Debug|Any CPU.ActiveCfg = Debug|Any CPU
		{89988C52-9BCC-4677-86E0-22045042FC95}.Debug|Any CPU.Build.0 = Debug|Any CPU
		{89988C52-9BCC-4677-86E0-22045042FC95}.Release|Any CPU.ActiveCfg = Release|Any CPU
		{89988C52-9BCC-4677-86E0-22045042FC95}.Release|Any CPU.Build.0 = Release|Any CPU
	EndGlobalSection
	GlobalSection(SolutionProperties) = preSolution
		HideSolutionNode = FALSE
	EndGlobalSection
	GlobalSection(ExtensibilityGlobals) = postSolution
		SolutionGuid = {58E7DEDE-5070-4301-80C8-2D72C96D172F}
	EndGlobalSection
EndGlobal
